
Microsoft Visual Studio Solution File, Format Version 12.00
# Visual Studio Version 17
VisualStudioVersion = 17.7.34024.191
MinimumVisualStudioVersion = 10.0.40219.1
Project("{9A19103F-16F7-4668-BE54-9A1E7A4F7556}") = "Inleveropdracht", "Inleveropdracht\Inleveropdracht.csproj", "{7E21BAFF-72BC-4D26-AC47-8A517B15E980}"
EndProject
Project("{FAE04EC0-301F-11D3-BF4B-00C04F79EFBC}") = "API", "API\API.csproj", "{58AB91F1-5172-4430-9C86-9E30DA1C9C3B}"
EndProject
Global
	GlobalSection(SolutionConfigurationPlatforms) = preSolution
		Debug|Any CPU = Debug|Any CPU
		Release|Any CPU = Release|Any CPU
	EndGlobalSection
	GlobalSection(ProjectConfigurationPlatforms) = postSolution
		{7E21BAFF-72BC-4D26-AC47-8A517B15E980}.Debug|Any CPU.ActiveCfg = Debug|Any CPU
		{7E21BAFF-72BC-4D26-AC47-8A517B15E980}.Debug|Any CPU.Build.0 = Debug|Any CPU
		{7E21BAFF-72BC-4D26-AC47-8A517B15E980}.Release|Any CPU.ActiveCfg = Release|Any CPU
		{7E21BAFF-72BC-4D26-AC47-8A517B15E980}.Release|Any CPU.Build.0 = Release|Any CPU
		{58AB91F1-5172-4430-9C86-9E30DA1C9C3B}.Debug|Any CPU.ActiveCfg = Debug|Any CPU
		{58AB91F1-5172-4430-9C86-9E30DA1C9C3B}.Debug|Any CPU.Build.0 = Debug|Any CPU
		{58AB91F1-5172-4430-9C86-9E30DA1C9C3B}.Release|Any CPU.ActiveCfg = Release|Any CPU
		{58AB91F1-5172-4430-9C86-9E30DA1C9C3B}.Release|Any CPU.Build.0 = Release|Any CPU
	EndGlobalSection
	GlobalSection(SolutionProperties) = preSolution
		HideSolutionNode = FALSE
	EndGlobalSection
	GlobalSection(ExtensibilityGlobals) = postSolution
		SolutionGuid = {0F397159-4B8D-4C6A-9EDF-D698A5438E79}
	EndGlobalSection
EndGlobal
